// !$*UTF8*$!
{
	archiveVersion = 1;
	classes = {
	};
	objectVersion = 46;
	objects = {

/* Begin PBXBuildFile section */
		DA16A62B1BE437E5006EA60D /* AppDelegate.swift in Sources */ = {isa = PBXBuildFile; fileRef = DA16A62A1BE437E5006EA60D /* AppDelegate.swift */; };
		DA16A62D1BE437E5006EA60D /* ViewController.swift in Sources */ = {isa = PBXBuildFile; fileRef = DA16A62C1BE437E5006EA60D /* ViewController.swift */; };
		DA16A6301BE437E5006EA60D /* Main.storyboard in Resources */ = {isa = PBXBuildFile; fileRef = DA16A62E1BE437E5006EA60D /* Main.storyboard */; };
		DA16A6321BE437E5006EA60D /* Assets.xcassets in Resources */ = {isa = PBXBuildFile; fileRef = DA16A6311BE437E5006EA60D /* Assets.xcassets */; };
		DA16A6351BE437E5006EA60D /* LaunchScreen.storyboard in Resources */ = {isa = PBXBuildFile; fileRef = DA16A6331BE437E5006EA60D /* LaunchScreen.storyboard */; };
		DA16A6401BE437E5006EA60D /* CalculatorTests.swift in Sources */ = {isa = PBXBuildFile; fileRef = DA16A63F1BE437E5006EA60D /* CalculatorTests.swift */; };
/* End PBXBuildFile section */

/* Begin PBXContainerItemProxy section */
		DA16A63C1BE437E5006EA60D /* PBXContainerItemProxy */ = {
			isa = PBXContainerItemProxy;
			containerPortal = DA16A61F1BE437E5006EA60D /* Project object */;
			proxyType = 1;
			remoteGlobalIDString = DA16A6261BE437E5006EA60D;
			remoteInfo = Calculator;
		};
/* End PBXContainerItemProxy section */

/* Begin PBXFileReference section */
		DA16A6271BE437E5006EA60D /* Calculator.app */ = {isa = PBXFileReference; explicitFileType = wrapper.application; includeInIndex = 0; path = Calculator.app; sourceTree = BUILT_PRODUCTS_DIR; };
		DA16A62A1BE437E5006EA60D /* AppDelegate.swift */ = {isa = PBXFileReference; lastKnownFileType = sourcecode.swift; path = AppDelegate.swift; sourceTree = "<group>"; };
		DA16A62C1BE437E5006EA60D /* ViewController.swift */ = {isa = PBXFileReference; lastKnownFileType = sourcecode.swift; path = ViewController.swift; sourceTree = "<group>"; };
		DA16A62F1BE437E5006EA60D /* Base */ = {isa = PBXFileReference; lastKnownFileType = file.storyboard; name = Base; path = Base.lproj/Main.storyboard; sourceTree = "<group>"; };
		DA16A6311BE437E5006EA60D /* Assets.xcassets */ = {isa = PBXFileReference; lastKnownFileType = folder.assetcatalog; path = Assets.xcassets; sourceTree = "<group>"; };
		DA16A6341BE437E5006EA60D /* Base */ = {isa = PBXFileReference; lastKnownFileType = file.storyboard; name = Base; path = Base.lproj/LaunchScreen.storyboard; sourceTree = "<group>"; };
		DA16A6361BE437E5006EA60D /* Info.plist */ = {isa = PBXFileReference; lastKnownFileType = text.plist.xml; path = Info.plist; sourceTree = "<group>"; };
		DA16A63B1BE437E5006EA60D /* CalculatorTests.xctest */ = {isa = PBXFileReference; explicitFileType = wrapper.cfbundle; includeInIndex = 0; path = CalculatorTests.xctest; sourceTree = BUILT_PRODUCTS_DIR; };
		DA16A63F1BE437E5006EA60D /* CalculatorTests.swift */ = {isa = PBXFileReference; lastKnownFileType = sourcecode.swift; path = CalculatorTests.swift; sourceTree = "<group>"; };
		DA16A6411BE437E5006EA60D /* Info.plist */ = {isa = PBXFileReference; lastKnownFileType = text.plist.xml; path = Info.plist; sourceTree = "<group>"; };
/* End PBXFileReference section */

/* Begin PBXFrameworksBuildPhase section */
		DA16A6241BE437E5006EA60D /* Frameworks */ = {
			isa = PBXFrameworksBuildPhase;
			buildActionMask = 2147483647;
			files = (
			);
			runOnlyForDeploymentPostprocessing = 0;
		};
		DA16A6381BE437E5006EA60D /* Frameworks */ = {
			isa = PBXFrameworksBuildPhase;
			buildActionMask = 2147483647;
			files = (
			);
			runOnlyForDeploymentPostprocessing = 0;
		};
/* End PBXFrameworksBuildPhase section */

/* Begin PBXGroup section */
		DA16A61E1BE437E5006EA60D = {
			isa = PBXGroup;
			children = (
				DA16A6291BE437E5006EA60D /* Calculator */,
				DA16A63E1BE437E5006EA60D /* CalculatorTests */,
				DA16A6281BE437E5006EA60D /* Products */,
			);
			sourceTree = "<group>";
		};
		DA16A6281BE437E5006EA60D /* Products */ = {
			isa = PBXGroup;
			children = (
				DA16A6271BE437E5006EA60D /* Calculator.app */,
				DA16A63B1BE437E5006EA60D /* CalculatorTests.xctest */,
			);
			name = Products;
			sourceTree = "<group>";
		};
		DA16A6291BE437E5006EA60D /* Calculator */ = {
			isa = PBXGroup;
			children = (
				DA16A62A1BE437E5006EA60D /* AppDelegate.swift */,
				DA16A62C1BE437E5006EA60D /* ViewController.swift */,
				DA16A62E1BE437E5006EA60D /* Main.storyboard */,
				DA16A6311BE437E5006EA60D /* Assets.xcassets */,
				DA16A6331BE437E5006EA60D /* LaunchScreen.storyboard */,
				DA16A6361BE437E5006EA60D /* Info.plist */,
			);
			path = Calculator;
			sourceTree = "<group>";
		};
		DA16A63E1BE437E5006EA60D /* CalculatorTests */ = {
			isa = PBXGroup;
			children = (
				DA16A63F1BE437E5006EA60D /* CalculatorTests.swift */,
				DA16A6411BE437E5006EA60D /* Info.plist */,
			);
			path = CalculatorTests;
			sourceTree = "<group>";
		};
/* End PBXGroup section */

/* Begin PBXNativeTarget section */
		DA16A6261BE437E5006EA60D /* Calculator */ = {
			isa = PBXNativeTarget;
			buildConfigurationList = DA16A6441BE437E5006EA60D /* Build configuration list for PBXNativeTarget "Calculator" */;
			buildPhases = (
				DA16A6231BE437E5006EA60D /* Sources */,
				DA16A6241BE437E5006EA60D /* Frameworks */,
				DA16A6251BE437E5006EA60D /* Resources */,
			);
			buildRules = (
			);
			dependencies = (
			);
			name = Calculator;
			productName = Calculator;
			productReference = DA16A6271BE437E5006EA60D /* Calculator.app */;
			productType = "com.apple.product-type.application";
		};
		DA16A63A1BE437E5006EA60D /* CalculatorTests */ = {
			isa = PBXNativeTarget;
			buildConfigurationList = DA16A6471BE437E5006EA60D /* Build configuration list for PBXNativeTarget "CalculatorTests" */;
			buildPhases = (
				DA16A6371BE437E5006EA60D /* Sources */,
				DA16A6381BE437E5006EA60D /* Frameworks */,
				DA16A6391BE437E5006EA60D /* Resources */,
			);
			buildRules = (
			);
			dependencies = (
				DA16A63D1BE437E5006EA60D /* PBXTargetDependency */,
			);
			name = CalculatorTests;
			productName = CalculatorTests;
			productReference = DA16A63B1BE437E5006EA60D /* CalculatorTests.xctest */;
			productType = "com.apple.product-type.bundle.unit-test";
		};
/* End PBXNativeTarget section */

/* Begin PBXProject section */
		DA16A61F1BE437E5006EA60D /* Project object */ = {
			isa = PBXProject;
			attributes = {
				LastUpgradeCheck = 0700;
				ORGANIZATIONNAME = "Nawab Zada Asad Iqbal";
				TargetAttributes = {
					DA16A6261BE437E5006EA60D = {
						CreatedOnToolsVersion = 7.0.1;
					};
					DA16A63A1BE437E5006EA60D = {
						CreatedOnToolsVersion = 7.0.1;
						TestTargetID = DA16A6261BE437E5006EA60D;
					};
				};
			};
			buildConfigurationList = DA16A6221BE437E5006EA60D /* Build configuration list for PBXProject "Calculator" */;
			compatibilityVersion = "Xcode 3.2";
			developmentRegion = English;
			hasScannedForEncodings = 0;
			knownRegions = (
				en,
				Base,
			);
			mainGroup = DA16A61E1BE437E5006EA60D;
			productRefGroup = DA16A6281BE437E5006EA60D /* Products */;
			projectDirPath = "";
			projectRoot = "";
			targets = (
				DA16A6261BE437E5006EA60D /* Calculator */,
				DA16A63A1BE437E5006EA60D /* CalculatorTests */,
			);
		};
/* End PBXProject section */

/* Begin PBXResourcesBuildPhase section */
		DA16A6251BE437E5006EA60D /* Resources */ = {
			isa = PBXResourcesBuildPhase;
			buildActionMask = 2147483647;
			files = (
				DA16A6351BE437E5006EA60D /* LaunchScreen.storyboard in Resources */,
				DA16A6321BE437E5006EA60D /* Assets.xcassets in Resources */,
				DA16A6301BE437E5006EA60D /* Main.storyboard in Resources */,
			);
			runOnlyForDeploymentPostprocessing = 0;
		};
		DA16A6391BE437E5006EA60D /* Resources */ = {
			isa = PBXResourcesBuildPhase;
			buildActionMask = 2147483647;
			files = (
			);
			runOnlyForDeploymentPostprocessing = 0;
		};
/* End PBXResourcesBuildPhase section */

/* Begin PBXSourcesBuildPhase section */
		DA16A6231BE437E5006EA60D /* Sources */ = {
			isa = PBXSourcesBuildPhase;
			buildActionMask = 2147483647;
			files = (
				DA16A62D1BE437E5006EA60D /* ViewController.swift in Sources */,
				DA16A62B1BE437E5006EA60D /* AppDelegate.swift in Sources */,
			);
			runOnlyForDeploymentPostprocessing = 0;
		};
		DA16A6371BE437E5006EA60D /* Sources */ = {
			isa = PBXSourcesBuildPhase;
			buildActionMask = 2147483647;
			files = (
				DA16A6401BE437E5006EA60D /* CalculatorTests.swift in Sources */,
			);
			runOnlyForDeploymentPostprocessing = 0;
		};
/* End PBXSourcesBuildPhase section */

/* Begin PBXTargetDependency section */
		DA16A63D1BE437E5006EA60D /* PBXTargetDependency */ = {
			isa = PBXTargetDependency;
			target = DA16A6261BE437E5006EA60D /* Calculator */;
			targetProxy = DA16A63C1BE437E5006EA60D /* PBXContainerItemProxy */;
		};
/* End PBXTargetDependency section */

/* Begin PBXVariantGroup section */
		DA16A62E1BE437E5006EA60D /* Main.storyboard */ = {
			isa = PBXVariantGroup;
			children = (
				DA16A62F1BE437E5006EA60D /* Base */,
			);
			name = Main.storyboard;
			sourceTree = "<group>";
		};
		DA16A6331BE437E5006EA60D /* LaunchScreen.storyboard */ = {
			isa = PBXVariantGroup;
			children = (
				DA16A6341BE437E5006EA60D /* Base */,
			);
			name = LaunchScreen.storyboard;
			sourceTree = "<group>";
		};
/* End PBXVariantGroup section */

/* Begin XCBuildConfiguration section */
		DA16A6421BE437E5006EA60D /* Debug */ = {
			isa = XCBuildConfiguration;
			buildSettings = {
				ALWAYS_SEARCH_USER_PATHS = NO;
				CLANG_CXX_LANGUAGE_STANDARD = "gnu++0x";
				CLANG_CXX_LIBRARY = "libc++";
				CLANG_ENABLE_MODULES = YES;
				CLANG_ENABLE_OBJC_ARC = YES;
				CLANG_WARN_BOOL_CONVERSION = YES;
				CLANG_WARN_CONSTANT_CONVERSION = YES;
				CLANG_WARN_DIRECT_OBJC_ISA_USAGE = YES_ERROR;
				CLANG_WARN_EMPTY_BODY = YES;
				CLANG_WARN_ENUM_CONVERSION = YES;
				CLANG_WARN_INT_CONVERSION = YES;
				CLANG_WARN_OBJC_ROOT_CLASS = YES_ERROR;
				CLANG_WARN_UNREACHABLE_CODE = YES;
				CLANG_WARN__DUPLICATE_METHOD_MATCH = YES;
				"CODE_SIGN_IDENTITY[sdk=iphoneos*]" = "iPhone Developer";
				COPY_PHASE_STRIP = NO;
				DEBUG_INFORMATION_FORMAT = dwarf;
				ENABLE_STRICT_OBJC_MSGSEND = YES;
				ENABLE_TESTABILITY = YES;
				GCC_C_LANGUAGE_STANDARD = gnu99;
				GCC_DYNAMIC_NO_PIC = NO;
				GCC_NO_COMMON_BLOCKS = YES;
				GCC_OPTIMIZATION_LEVEL = 0;
				GCC_PREPROCESSOR_DEFINITIONS = (
					"DEBUG=1",
					"$(inherited)",
				);
				GCC_WARN_64_TO_32_BIT_CONVERSION = YES;
				GCC_WARN_ABOUT_RETURN_TYPE = YES_ERROR;
				GCC_WARN_UNDECLARED_SELECTOR = YES;
				GCC_WARN_UNINITIALIZED_AUTOS = YES_AGGRESSIVE;
				GCC_WARN_UNUSED_FUNCTION = YES;
				GCC_WARN_UNUSED_VARIABLE = YES;
				IPHONEOS_DEPLOYMENT_TARGET = 9.0;
				MTL_ENABLE_DEBUG_INFO = YES;
				ONLY_ACTIVE_ARCH = YES;
				SDKROOT = iphoneos;
				SWIFT_OPTIMIZATION_LEVEL = "-Onone";
				TARGETED_DEVICE_FAMILY = "1,2";
			};
			name = Debug;
		};
		DA16A6431BE437E5006EA60D /* Release */ = {
			isa = XCBuildConfiguration;
			buildSettings = {
				ALWAYS_SEARCH_USER_PATHS = NO;
				CLANG_CXX_LANGUAGE_STANDARD = "gnu++0x";
				CLANG_CXX_LIBRARY = "libc++";
				CLANG_ENABLE_MODULES = YES;
				CLANG_ENABLE_OBJC_ARC = YES;
				CLANG_WARN_BOOL_CONVERSION = YES;
				CLANG_WARN_CONSTANT_CONVERSION = YES;
				CLANG_WARN_DIRECT_OBJC_ISA_USAGE = YES_ERROR;
				CLANG_WARN_EMPTY_BODY = YES;
				CLANG_WARN_ENUM_CONVERSION = YES;
				CLANG_WARN_INT_CONVERSION = YES;
				CLANG_WARN_OBJC_ROOT_CLASS = YES_ERROR;
				CLANG_WARN_UNREACHABLE_CODE = YES;
				CLANG_WARN__DUPLICATE_METHOD_MATCH = YES;
				"CODE_SIGN_IDENTITY[sdk=iphoneos*]" = "iPhone Developer";
				COPY_PHASE_STRIP = NO;
				DEBUG_INFORMATION_FORMAT = "dwarf-with-dsym";
				ENABLE_NS_ASSERTIONS = NO;
				ENABLE_STRICT_OBJC_MSGSEND = YES;
				GCC_C_LANGUAGE_STANDARD = gnu99;
				GCC_NO_COMMON_BLOCKS = YES;
				GCC_WARN_64_TO_32_BIT_CONVERSION = YES;
				GCC_WARN_ABOUT_RETURN_TYPE = YES_ERROR;
				GCC_WARN_UNDECLARED_SELECTOR = YES;
				GCC_WARN_UNINITIALIZED_AUTOS = YES_AGGRESSIVE;
				GCC_WARN_UNUSED_FUNCTION = YES;
				GCC_WARN_UNUSED_VARIABLE = YES;
				IPHONEOS_DEPLOYMENT_TARGET = 9.0;
				MTL_ENABLE_DEBUG_INFO = NO;
				SDKROOT = iphoneos;
				TARGETED_DEVICE_FAMILY = "1,2";
				VALIDATE_PRODUCT = YES;
			};
			name = Release;
		};
		DA16A6451BE437E5006EA60D /* Debug */ = {
			isa = XCBuildConfiguration;
			buildSettings = {
				ASSETCATALOG_COMPILER_APPICON_NAME = AppIcon;
				INFOPLIST_FILE = Calculator/Info.plist;
				LD_RUNPATH_SEARCH_PATHS = "$(inherited) @executable_path/Frameworks";
				PRODUCT_BUNDLE_IDENTIFIER = com.example.Calculator;
				PRODUCT_NAME = "$(TARGET_NAME)";
			};
			name = Debug;
		};
		DA16A6461BE437E5006EA60D /* Release */ = {
			isa = XCBuildConfiguration;
			buildSettings = {
				ASSETCATALOG_COMPILER_APPICON_NAME = AppIcon;
				INFOPLIST_FILE = Calculator/Info.plist;
				LD_RUNPATH_SEARCH_PATHS = "$(inherited) @executable_path/Frameworks";
				PRODUCT_BUNDLE_IDENTIFIER = com.example.Calculator;
				PRODUCT_NAME = "$(TARGET_NAME)";
			};
			name = Release;
		};
		DA16A6481BE437E5006EA60D /* Debug */ = {
			isa = XCBuildConfiguration;
			buildSettings = {
				BUNDLE_LOADER = "$(TEST_HOST)";
				INFOPLIST_FILE = CalculatorTests/Info.plist;
				LD_RUNPATH_SEARCH_PATHS = "$(inherited) @executable_path/Frameworks @loader_path/Frameworks";
				PRODUCT_BUNDLE_IDENTIFIER = com.example.CalculatorTests;
				PRODUCT_NAME = "$(TARGET_NAME)";
				TEST_HOST = "$(BUILT_PRODUCTS_DIR)/Calculator.app/Calculator";
			};
			name = Debug;
		};
		DA16A6491BE437E5006EA60D /* Release */ = {
			isa = XCBuildConfiguration;
			buildSettings = {
				BUNDLE_LOADER = "$(TEST_HOST)";
				INFOPLIST_FILE = CalculatorTests/Info.plist;
				LD_RUNPATH_SEARCH_PATHS = "$(inherited) @executable_path/Frameworks @loader_path/Frameworks";
				PRODUCT_BUNDLE_IDENTIFIER = com.example.CalculatorTests;
				PRODUCT_NAME = "$(TARGET_NAME)";
				TEST_HOST = "$(BUILT_PRODUCTS_DIR)/Calculator.app/Calculator";
			};
			name = Release;
		};
/* End XCBuildConfiguration section */

/* Begin XCConfigurationList section */
		DA16A6221BE437E5006EA60D /* Build configuration list for PBXProject "Calculator" */ = {
			isa = XCConfigurationList;
			buildConfigurations = (
				DA16A6421BE437E5006EA60D /* Debug */,
				DA16A6431BE437E5006EA60D /* Release */,
			);
			defaultConfigurationIsVisible = 0;
			defaultConfigurationName = Release;
		};
		DA16A6441BE437E5006EA60D /* Build configuration list for PBXNativeTarget "Calculator" */ = {
			isa = XCConfigurationList;
			buildConfigurations = (
				DA16A6451BE437E5006EA60D /* Debug */,
				DA16A6461BE437E5006EA60D /* Release */,
			);
			defaultConfigurationIsVisible = 0;
		};
		DA16A6471BE437E5006EA60D /* Build configuration list for PBXNativeTarget "CalculatorTests" */ = {
			isa = XCConfigurationList;
			buildConfigurations = (
				DA16A6481BE437E5006EA60D /* Debug */,
				DA16A6491BE437E5006EA60D /* Release */,
			);
			defaultConfigurationIsVisible = 0;
		};
/* End XCConfigurationList section */
	};
	rootObject = DA16A61F1BE437E5006EA60D /* Project object */;
}
